
Microsoft Visual Studio Solution File, Format Version 12.00
# Visual Studio 2012
Project("{F184B08F-C81C-45F6-A57F-5ABD9991F28F}") = "GithubImport", "GithubImport\GithubImport.vbproj", "{3D47631D-6D2C-4183-9FB7-973849ED1538}"
EndProject
Global
	GlobalSection(SolutionConfigurationPlatforms) = preSolution
		Debug|Any CPU = Debug|Any CPU
		Release|Any CPU = Release|Any CPU
	EndGlobalSection
	GlobalSection(ProjectConfigurationPlatforms) = postSolution
		{3D47631D-6D2C-4183-9FB7-973849ED1538}.Debug|Any CPU.ActiveCfg = Debug|Any CPU
		{3D47631D-6D2C-4183-9FB7-973849ED1538}.Debug|Any CPU.Build.0 = Debug|Any CPU
		{3D47631D-6D2C-4183-9FB7-973849ED1538}.Release|Any CPU.ActiveCfg = Release|Any CPU
		{3D47631D-6D2C-4183-9FB7-973849ED1538}.Release|Any CPU.Build.0 = Release|Any CPU
	EndGlobalSection
	GlobalSection(SolutionProperties) = preSolution
		HideSolutionNode = FALSE
	EndGlobalSection
EndGlobal
